DEPENDENCIES
  apt
  git
  mysql
  phantomjs
  rvm
    git: git://github.com/fnichol/chef-rvm.git
    revision: dd58087e7399097a9b9df4e2e7235908aace2afd

GRAPH
  apt (2.4.0)
  build-essential (2.0.2)
  chef_gem (0.1.0)
  chef_handler (1.1.6)
  chocolatey (0.1.0)
    powershell (>= 0.0.0)
  dmg (2.2.0)
  git (4.0.2)
    build-essential (>= 0.0.0)
    dmg (>= 0.0.0)
    runit (>= 1.0.0)
    windows (>= 0.0.0)
    yum (~> 3.0)
    yum-epel (>= 0.0.0)
  java (1.22.0)
  ms_dotnet2 (1.0.0)
    windows (>= 0.0.0)
  ms_dotnet4 (1.0.2)
    windows (>= 0.0.0)
  ms_dotnet45 (1.1.2)
    windows (>= 0.0.0)
  mysql (5.2.12)
  phantomjs (1.0.3)
    build-essential (>= 0.0.0)
    chocolatey (>= 0.0.0)
  powershell (3.0.4)
    ms_dotnet2 (>= 0.0.0)
    ms_dotnet4 (>= 0.0.0)
    ms_dotnet45 (>= 0.0.0)
    windows (>= 1.2.8)
  runit (1.5.10)
    build-essential (>= 0.0.0)
    yum (~> 3.0)
    yum-epel (>= 0.0.0)
  rvm (0.9.2)
    chef_gem (>= 0.0.0)
    java (>= 0.0.0)
  windows (1.31.0)
    chef_handler (>= 0.0.0)
  yum (3.2.0)
  yum-epel (0.3.6)
    yum (~> 3.0)
